// !$*UTF8*$!
{
	archiveVersion = 1;
	classes = {
	};
	objectVersion = 56;
	objects = {

/* Begin PBXBuildFile section */
		132B0EF9A9A74DBA0EC97055 /* Pods_AllPlayerVideo.framework in Frameworks */ = {isa = PBXBuildFile; fileRef = 8274D5FDF0D7939A3FB64AF7 /* Pods_AllPlayerVideo.framework */; };
		1424A978D06A7A2140050CA3 /* Pods_AllPlayerVideo_AllPlayerVideoUITests.framework in Frameworks */ = {isa = PBXBuildFile; fileRef = 81F893E6A52DD220C882D940 /* Pods_AllPlayerVideo_AllPlayerVideoUITests.framework */; };
		7FF322186B7FE060390142D3 /* Pods_AllPlayerVideoTests.framework in Frameworks */ = {isa = PBXBuildFile; fileRef = 02C87ABAB36B1A6E2A902438 /* Pods_AllPlayerVideoTests.framework */; };
		BD1986922C2CC6BB00DE0AA5 /* AppDelegate.swift in Sources */ = {isa = PBXBuildFile; fileRef = BD1986912C2CC6BB00DE0AA5 /* AppDelegate.swift */; };
		BD1986942C2CC6BB00DE0AA5 /* SceneDelegate.swift in Sources */ = {isa = PBXBuildFile; fileRef = BD1986932C2CC6BB00DE0AA5 /* SceneDelegate.swift */; };
		BD1986992C2CC6BB00DE0AA5 /* Base in Resources */ = {isa = PBXBuildFile; fileRef = BD1986982C2CC6BB00DE0AA5 /* Base */; };
		BD19869B2C2CC6BC00DE0AA5 /* Assets.xcassets in Resources */ = {isa = PBXBuildFile; fileRef = BD19869A2C2CC6BC00DE0AA5 /* Assets.xcassets */; };
		BD19869E2C2CC6BC00DE0AA5 /* Base in Resources */ = {isa = PBXBuildFile; fileRef = BD19869D2C2CC6BC00DE0AA5 /* Base */; };
		BD1986A92C2CC6BC00DE0AA5 /* AllPlayerVideoTests.swift in Sources */ = {isa = PBXBuildFile; fileRef = BD1986A82C2CC6BC00DE0AA5 /* AllPlayerVideoTests.swift */; };
		BD1986B32C2CC6BC00DE0AA5 /* AllPlayerVideoUITests.swift in Sources */ = {isa = PBXBuildFile; fileRef = BD1986B22C2CC6BC00DE0AA5 /* AllPlayerVideoUITests.swift */; };
		BD1986B52C2CC6BC00DE0AA5 /* AllPlayerVideoUITestsLaunchTests.swift in Sources */ = {isa = PBXBuildFile; fileRef = BD1986B42C2CC6BC00DE0AA5 /* AllPlayerVideoUITestsLaunchTests.swift */; };
		BD1986C52C2CC72100DE0AA5 /* YouTubeViewController.swift in Sources */ = {isa = PBXBuildFile; fileRef = BD1986C12C2CC72100DE0AA5 /* YouTubeViewController.swift */; };
		BD1986C62C2CC72100DE0AA5 /* VideoPlayerURLViewController.swift in Sources */ = {isa = PBXBuildFile; fileRef = BD1986C22C2CC72100DE0AA5 /* VideoPlayerURLViewController.swift */; };
		BD1986C72C2CC72100DE0AA5 /* VideoPlayerViewController.swift in Sources */ = {isa = PBXBuildFile; fileRef = BD1986C32C2CC72100DE0AA5 /* VideoPlayerViewController.swift */; };
		BD1986CE2C2CC7C900DE0AA5 /* ANIMAL.mp3 in Resources */ = {isa = PBXBuildFile; fileRef = BD1986CD2C2CC7C900DE0AA5 /* ANIMAL.mp3 */; };
		BD1986D02C2CC81A00DE0AA5 /* videoplayback.mp4 in Resources */ = {isa = PBXBuildFile; fileRef = BD1986CF2C2CC81A00DE0AA5 /* videoplayback.mp4 */; };
		BD1986D42C2CCB9800DE0AA5 /* AudioURLViewController.swift in Sources */ = {isa = PBXBuildFile; fileRef = BD1986D12C2CCB9800DE0AA5 /* AudioURLViewController.swift */; };
		BD1986D52C2CCB9800DE0AA5 /* ViewController.swift in Sources */ = {isa = PBXBuildFile; fileRef = BD1986D22C2CCB9800DE0AA5 /* ViewController.swift */; };
		BD1986D72C2CCC4D00DE0AA5 /* VideoDetailViewController.swift in Sources */ = {isa = PBXBuildFile; fileRef = BD1986D62C2CCC4D00DE0AA5 /* VideoDetailViewController.swift */; };
		BD1986D92C2CCC9E00DE0AA5 /* VideoTableViewCell.swift in Sources */ = {isa = PBXBuildFile; fileRef = BD1986D82C2CCC9E00DE0AA5 /* VideoTableViewCell.swift */; };
/* End PBXBuildFile section */

/* Begin PBXContainerItemProxy section */
		BD1986A52C2CC6BC00DE0AA5 /* PBXContainerItemProxy */ = {
			isa = PBXContainerItemProxy;
			containerPortal = BD1986862C2CC6BB00DE0AA5 /* Project object */;
			proxyType = 1;
			remoteGlobalIDString = BD19868D2C2CC6BB00DE0AA5;
			remoteInfo = AllPlayerVideo;
		};
		BD1986AF2C2CC6BC00DE0AA5 /* PBXContainerItemProxy */ = {
			isa = PBXContainerItemProxy;
			containerPortal = BD1986862C2CC6BB00DE0AA5 /* Project object */;
			proxyType = 1;
			remoteGlobalIDString = BD19868D2C2CC6BB00DE0AA5;
			remoteInfo = AllPlayerVideo;
		};
/* End PBXContainerItemProxy section */

/* Begin PBXFileReference section */
		02C87ABAB36B1A6E2A902438 /* Pods_AllPlayerVideoTests.framework */ = {isa = PBXFileReference; explicitFileType = wrapper.framework; includeInIndex = 0; path = Pods_AllPlayerVideoTests.framework; sourceTree = BUILT_PRODUCTS_DIR; };
		15821D9A4F61DEF407F9E809 /* Pods-AllPlayerVideo.release.xcconfig */ = {isa = PBXFileReference; includeInIndex = 1; lastKnownFileType = text.xcconfig; name = "Pods-AllPlayerVideo.release.xcconfig"; path = "Target Support Files/Pods-AllPlayerVideo/Pods-AllPlayerVideo.release.xcconfig"; sourceTree = "<group>"; };
		81F893E6A52DD220C882D940 /* Pods_AllPlayerVideo_AllPlayerVideoUITests.framework */ = {isa = PBXFileReference; explicitFileType = wrapper.framework; includeInIndex = 0; path = Pods_AllPlayerVideo_AllPlayerVideoUITests.framework; sourceTree = BUILT_PRODUCTS_DIR; };
		8274D5FDF0D7939A3FB64AF7 /* Pods_AllPlayerVideo.framework */ = {isa = PBXFileReference; explicitFileType = wrapper.framework; includeInIndex = 0; path = Pods_AllPlayerVideo.framework; sourceTree = BUILT_PRODUCTS_DIR; };
		86449E5FA48CB154A3BBECFA /* Pods-AllPlayerVideo-AllPlayerVideoUITests.debug.xcconfig */ = {isa = PBXFileReference; includeInIndex = 1; lastKnownFileType = text.xcconfig; name = "Pods-AllPlayerVideo-AllPlayerVideoUITests.debug.xcconfig"; path = "Target Support Files/Pods-AllPlayerVideo-AllPlayerVideoUITests/Pods-AllPlayerVideo-AllPlayerVideoUITests.debug.xcconfig"; sourceTree = "<group>"; };
		BD19868E2C2CC6BB00DE0AA5 /* AllPlayerVideo.app */ = {isa = PBXFileReference; explicitFileType = wrapper.application; includeInIndex = 0; path = AllPlayerVideo.app; sourceTree = BUILT_PRODUCTS_DIR; };
		BD1986912C2CC6BB00DE0AA5 /* AppDelegate.swift */ = {isa = PBXFileReference; lastKnownFileType = sourcecode.swift; path = AppDelegate.swift; sourceTree = "<group>"; };
		BD1986932C2CC6BB00DE0AA5 /* SceneDelegate.swift */ = {isa = PBXFileReference; lastKnownFileType = sourcecode.swift; path = SceneDelegate.swift; sourceTree = "<group>"; };
		BD1986982C2CC6BB00DE0AA5 /* Base */ = {isa = PBXFileReference; lastKnownFileType = file.storyboard; name = Base; path = Base.lproj/Main.storyboard; sourceTree = "<group>"; };
		BD19869A2C2CC6BC00DE0AA5 /* Assets.xcassets */ = {isa = PBXFileReference; lastKnownFileType = folder.assetcatalog; path = Assets.xcassets; sourceTree = "<group>"; };
		BD19869D2C2CC6BC00DE0AA5 /* Base */ = {isa = PBXFileReference; lastKnownFileType = file.storyboard; name = Base; path = Base.lproj/LaunchScreen.storyboard; sourceTree = "<group>"; };
		BD19869F2C2CC6BC00DE0AA5 /* Info.plist */ = {isa = PBXFileReference; lastKnownFileType = text.plist.xml; path = Info.plist; sourceTree = "<group>"; };
		BD1986A42C2CC6BC00DE0AA5 /* AllPlayerVideoTests.xctest */ = {isa = PBXFileReference; explicitFileType = wrapper.cfbundle; includeInIndex = 0; path = AllPlayerVideoTests.xctest; sourceTree = BUILT_PRODUCTS_DIR; };
		BD1986A82C2CC6BC00DE0AA5 /* AllPlayerVideoTests.swift */ = {isa = PBXFileReference; lastKnownFileType = sourcecode.swift; path = AllPlayerVideoTests.swift; sourceTree = "<group>"; };
		BD1986AE2C2CC6BC00DE0AA5 /* AllPlayerVideoUITests.xctest */ = {isa = PBXFileReference; explicitFileType = wrapper.cfbundle; includeInIndex = 0; path = AllPlayerVideoUITests.xctest; sourceTree = BUILT_PRODUCTS_DIR; };
		BD1986B22C2CC6BC00DE0AA5 /* AllPlayerVideoUITests.swift */ = {isa = PBXFileReference; lastKnownFileType = sourcecode.swift; path = AllPlayerVideoUITests.swift; sourceTree = "<group>"; };
		BD1986B42C2CC6BC00DE0AA5 /* AllPlayerVideoUITestsLaunchTests.swift */ = {isa = PBXFileReference; lastKnownFileType = sourcecode.swift; path = AllPlayerVideoUITestsLaunchTests.swift; sourceTree = "<group>"; };
		BD1986C12C2CC72100DE0AA5 /* YouTubeViewController.swift */ = {isa = PBXFileReference; fileEncoding = 4; lastKnownFileType = sourcecode.swift; path = YouTubeViewController.swift; sourceTree = "<group>"; };
		BD1986C22C2CC72100DE0AA5 /* VideoPlayerURLViewController.swift */ = {isa = PBXFileReference; fileEncoding = 4; lastKnownFileType = sourcecode.swift; path = VideoPlayerURLViewController.swift; sourceTree = "<group>"; };
		BD1986C32C2CC72100DE0AA5 /* VideoPlayerViewController.swift */ = {isa = PBXFileReference; fileEncoding = 4; lastKnownFileType = sourcecode.swift; path = VideoPlayerViewController.swift; sourceTree = "<group>"; };
		BD1986CD2C2CC7C900DE0AA5 /* ANIMAL.mp3 */ = {isa = PBXFileReference; lastKnownFileType = audio.mp3; path = ANIMAL.mp3; sourceTree = "<group>"; };
		BD1986CF2C2CC81A00DE0AA5 /* videoplayback.mp4 */ = {isa = PBXFileReference; lastKnownFileType = file; path = videoplayback.mp4; sourceTree = "<group>"; };
		BD1986D12C2CCB9800DE0AA5 /* AudioURLViewController.swift */ = {isa = PBXFileReference; fileEncoding = 4; lastKnownFileType = sourcecode.swift; path = AudioURLViewController.swift; sourceTree = "<group>"; };
		BD1986D22C2CCB9800DE0AA5 /* ViewController.swift */ = {isa = PBXFileReference; fileEncoding = 4; lastKnownFileType = sourcecode.swift; path = ViewController.swift; sourceTree = "<group>"; };
		BD1986D62C2CCC4D00DE0AA5 /* VideoDetailViewController.swift */ = {isa = PBXFileReference; lastKnownFileType = sourcecode.swift; path = VideoDetailViewController.swift; sourceTree = "<group>"; };
		BD1986D82C2CCC9E00DE0AA5 /* VideoTableViewCell.swift */ = {isa = PBXFileReference; lastKnownFileType = sourcecode.swift; path = VideoTableViewCell.swift; sourceTree = "<group>"; };
		CD590BE8888241C113DA709D /* Pods-AllPlayerVideoTests.release.xcconfig */ = {isa = PBXFileReference; includeInIndex = 1; lastKnownFileType = text.xcconfig; name = "Pods-AllPlayerVideoTests.release.xcconfig"; path = "Target Support Files/Pods-AllPlayerVideoTests/Pods-AllPlayerVideoTests.release.xcconfig"; sourceTree = "<group>"; };
		D6E20D79AF3DF67B53879329 /* Pods-AllPlayerVideoTests.debug.xcconfig */ = {isa = PBXFileReference; includeInIndex = 1; lastKnownFileType = text.xcconfig; name = "Pods-AllPlayerVideoTests.debug.xcconfig"; path = "Target Support Files/Pods-AllPlayerVideoTests/Pods-AllPlayerVideoTests.debug.xcconfig"; sourceTree = "<group>"; };
		E7EEAB26EAF10B35039A5BA9 /* Pods-AllPlayerVideo.debug.xcconfig */ = {isa = PBXFileReference; includeInIndex = 1; lastKnownFileType = text.xcconfig; name = "Pods-AllPlayerVideo.debug.xcconfig"; path = "Target Support Files/Pods-AllPlayerVideo/Pods-AllPlayerVideo.debug.xcconfig"; sourceTree = "<group>"; };
		FBC50196B2147A733E7FEDE6 /* Pods-AllPlayerVideo-AllPlayerVideoUITests.release.xcconfig */ = {isa = PBXFileReference; includeInIndex = 1; lastKnownFileType = text.xcconfig; name = "Pods-AllPlayerVideo-AllPlayerVideoUITests.release.xcconfig"; path = "Target Support Files/Pods-AllPlayerVideo-AllPlayerVideoUITests/Pods-AllPlayerVideo-AllPlayerVideoUITests.release.xcconfig"; sourceTree = "<group>"; };
/* End PBXFileReference section */

/* Begin PBXFrameworksBuildPhase section */
		BD19868B2C2CC6BB00DE0AA5 /* Frameworks */ = {
			isa = PBXFrameworksBuildPhase;
			buildActionMask = 2147483647;
			files = (
				132B0EF9A9A74DBA0EC97055 /* Pods_AllPlayerVideo.framework in Frameworks */,
			);
			runOnlyForDeploymentPostprocessing = 0;
		};
		BD1986A12C2CC6BC00DE0AA5 /* Frameworks */ = {
			isa = PBXFrameworksBuildPhase;
			buildActionMask = 2147483647;
			files = (
				7FF322186B7FE060390142D3 /* Pods_AllPlayerVideoTests.framework in Frameworks */,
			);
			runOnlyForDeploymentPostprocessing = 0;
		};
		BD1986AB2C2CC6BC00DE0AA5 /* Frameworks */ = {
			isa = PBXFrameworksBuildPhase;
			buildActionMask = 2147483647;
			files = (
				1424A978D06A7A2140050CA3 /* Pods_AllPlayerVideo_AllPlayerVideoUITests.framework in Frameworks */,
			);
			runOnlyForDeploymentPostprocessing = 0;
		};
/* End PBXFrameworksBuildPhase section */

/* Begin PBXGroup section */
		041314011E54AABB404719B9 /* Pods */ = {
			isa = PBXGroup;
			children = (
				E7EEAB26EAF10B35039A5BA9 /* Pods-AllPlayerVideo.debug.xcconfig */,
				15821D9A4F61DEF407F9E809 /* Pods-AllPlayerVideo.release.xcconfig */,
				86449E5FA48CB154A3BBECFA /* Pods-AllPlayerVideo-AllPlayerVideoUITests.debug.xcconfig */,
				FBC50196B2147A733E7FEDE6 /* Pods-AllPlayerVideo-AllPlayerVideoUITests.release.xcconfig */,
				D6E20D79AF3DF67B53879329 /* Pods-AllPlayerVideoTests.debug.xcconfig */,
				CD590BE8888241C113DA709D /* Pods-AllPlayerVideoTests.release.xcconfig */,
			);
			path = Pods;
			sourceTree = "<group>";
		};
		B81A19146AFD3A1560258FF7 /* Frameworks */ = {
			isa = PBXGroup;
			children = (
				8274D5FDF0D7939A3FB64AF7 /* Pods_AllPlayerVideo.framework */,
				81F893E6A52DD220C882D940 /* Pods_AllPlayerVideo_AllPlayerVideoUITests.framework */,
				02C87ABAB36B1A6E2A902438 /* Pods_AllPlayerVideoTests.framework */,
			);
			name = Frameworks;
			sourceTree = "<group>";
		};
		BD1986852C2CC6BB00DE0AA5 = {
			isa = PBXGroup;
			children = (
				BD1986902C2CC6BB00DE0AA5 /* AllPlayerVideo */,
				BD1986A72C2CC6BC00DE0AA5 /* AllPlayerVideoTests */,
				BD1986B12C2CC6BC00DE0AA5 /* AllPlayerVideoUITests */,
				BD19868F2C2CC6BB00DE0AA5 /* Products */,
				041314011E54AABB404719B9 /* Pods */,
				B81A19146AFD3A1560258FF7 /* Frameworks */,
			);
			sourceTree = "<group>";
		};
		BD19868F2C2CC6BB00DE0AA5 /* Products */ = {
			isa = PBXGroup;
			children = (
				BD19868E2C2CC6BB00DE0AA5 /* AllPlayerVideo.app */,
				BD1986A42C2CC6BC00DE0AA5 /* AllPlayerVideoTests.xctest */,
				BD1986AE2C2CC6BC00DE0AA5 /* AllPlayerVideoUITests.xctest */,
			);
			name = Products;
			sourceTree = "<group>";
		};
		BD1986902C2CC6BB00DE0AA5 /* AllPlayerVideo */ = {
			isa = PBXGroup;
			children = (
				BD1986CD2C2CC7C900DE0AA5 /* ANIMAL.mp3 */,
				BD1986CF2C2CC81A00DE0AA5 /* videoplayback.mp4 */,
				BD1986DB2C2CD65800DE0AA5 /* Delegate */,
				BD1986D32C2CCB9800DE0AA5 /* AudioPlayer */,
				BD1986C42C2CC72100DE0AA5 /* VideoPlayer */,
				BD1986DA2C2CD63600DE0AA5 /* YouTubePlayer */,
				BD1986972C2CC6BB00DE0AA5 /* Main.storyboard */,
				BD19869C2C2CC6BC00DE0AA5 /* LaunchScreen.storyboard */,
				BD19869A2C2CC6BC00DE0AA5 /* Assets.xcassets */,
				BD19869F2C2CC6BC00DE0AA5 /* Info.plist */,
			);
			path = AllPlayerVideo;
			sourceTree = "<group>";
		};
		BD1986A72C2CC6BC00DE0AA5 /* AllPlayerVideoTests */ = {
			isa = PBXGroup;
			children = (
				BD1986A82C2CC6BC00DE0AA5 /* AllPlayerVideoTests.swift */,
			);
			path = AllPlayerVideoTests;
			sourceTree = "<group>";
		};
		BD1986B12C2CC6BC00DE0AA5 /* AllPlayerVideoUITests */ = {
			isa = PBXGroup;
			children = (
				BD1986B22C2CC6BC00DE0AA5 /* AllPlayerVideoUITests.swift */,
				BD1986B42C2CC6BC00DE0AA5 /* AllPlayerVideoUITestsLaunchTests.swift */,
			);
			path = AllPlayerVideoUITests;
			sourceTree = "<group>";
		};
		BD1986C42C2CC72100DE0AA5 /* VideoPlayer */ = {
			isa = PBXGroup;
			children = (
				BD1986C22C2CC72100DE0AA5 /* VideoPlayerURLViewController.swift */,
				BD1986C32C2CC72100DE0AA5 /* VideoPlayerViewController.swift */,
			);
			path = VideoPlayer;
			sourceTree = "<group>";
		};
		BD1986D32C2CCB9800DE0AA5 /* AudioPlayer */ = {
			isa = PBXGroup;
			children = (
				BD1986D12C2CCB9800DE0AA5 /* AudioURLViewController.swift */,
				BD1986D22C2CCB9800DE0AA5 /* ViewController.swift */,
			);
			path = AudioPlayer;
			sourceTree = "<group>";
		};
		BD1986DA2C2CD63600DE0AA5 /* YouTubePlayer */ = {
			isa = PBXGroup;
			children = (
				BD1986C12C2CC72100DE0AA5 /* YouTubeViewController.swift */,
				BD1986D62C2CCC4D00DE0AA5 /* VideoDetailViewController.swift */,
				BD1986D82C2CCC9E00DE0AA5 /* VideoTableViewCell.swift */,
			);
			path = YouTubePlayer;
			sourceTree = "<group>";
		};
		BD1986DB2C2CD65800DE0AA5 /* Delegate */ = {
			isa = PBXGroup;
			children = (
				BD1986912C2CC6BB00DE0AA5 /* AppDelegate.swift */,
				BD1986932C2CC6BB00DE0AA5 /* SceneDelegate.swift */,
			);
			path = Delegate;
			sourceTree = "<group>";
		};
/* End PBXGroup section */

/* Begin PBXNativeTarget section */
		BD19868D2C2CC6BB00DE0AA5 /* AllPlayerVideo */ = {
			isa = PBXNativeTarget;
			buildConfigurationList = BD1986B82C2CC6BC00DE0AA5 /* Build configuration list for PBXNativeTarget "AllPlayerVideo" */;
			buildPhases = (
				0E31F2BC493D296A324DBB63 /* [CP] Check Pods Manifest.lock */,
				BD19868A2C2CC6BB00DE0AA5 /* Sources */,
				BD19868B2C2CC6BB00DE0AA5 /* Frameworks */,
				BD19868C2C2CC6BB00DE0AA5 /* Resources */,
				04DEBFD138DA521BB2DAB8E3 /* [CP] Embed Pods Frameworks */,
			);
			buildRules = (
			);
			dependencies = (
			);
			name = AllPlayerVideo;
			productName = AllPlayerVideo;
			productReference = BD19868E2C2CC6BB00DE0AA5 /* AllPlayerVideo.app */;
			productType = "com.apple.product-type.application";
		};
		BD1986A32C2CC6BC00DE0AA5 /* AllPlayerVideoTests */ = {
			isa = PBXNativeTarget;
			buildConfigurationList = BD1986BB2C2CC6BC00DE0AA5 /* Build configuration list for PBXNativeTarget "AllPlayerVideoTests" */;
			buildPhases = (
				ED63A5A54E1C379BC1A6DF35 /* [CP] Check Pods Manifest.lock */,
				BD1986A02C2CC6BC00DE0AA5 /* Sources */,
				BD1986A12C2CC6BC00DE0AA5 /* Frameworks */,
				BD1986A22C2CC6BC00DE0AA5 /* Resources */,
			);
			buildRules = (
			);
			dependencies = (
				BD1986A62C2CC6BC00DE0AA5 /* PBXTargetDependency */,
			);
			name = AllPlayerVideoTests;
			productName = AllPlayerVideoTests;
			productReference = BD1986A42C2CC6BC00DE0AA5 /* AllPlayerVideoTests.xctest */;
			productType = "com.apple.product-type.bundle.unit-test";
		};
		BD1986AD2C2CC6BC00DE0AA5 /* AllPlayerVideoUITests */ = {
			isa = PBXNativeTarget;
			buildConfigurationList = BD1986BE2C2CC6BC00DE0AA5 /* Build configuration list for PBXNativeTarget "AllPlayerVideoUITests" */;
			buildPhases = (
				CD103A64C1C70948615C5A7C /* [CP] Check Pods Manifest.lock */,
				BD1986AA2C2CC6BC00DE0AA5 /* Sources */,
				BD1986AB2C2CC6BC00DE0AA5 /* Frameworks */,
				BD1986AC2C2CC6BC00DE0AA5 /* Resources */,
				ADF892D343E61A4C5AF63523 /* [CP] Embed Pods Frameworks */,
			);
			buildRules = (
			);
			dependencies = (
				BD1986B02C2CC6BC00DE0AA5 /* PBXTargetDependency */,
			);
			name = AllPlayerVideoUITests;
			productName = AllPlayerVideoUITests;
			productReference = BD1986AE2C2CC6BC00DE0AA5 /* AllPlayerVideoUITests.xctest */;
			productType = "com.apple.product-type.bundle.ui-testing";
		};
/* End PBXNativeTarget section */

/* Begin PBXProject section */
		BD1986862C2CC6BB00DE0AA5 /* Project object */ = {
			isa = PBXProject;
			attributes = {
				BuildIndependentTargetsInParallel = 1;
				LastSwiftUpdateCheck = 1530;
				LastUpgradeCheck = 1530;
				TargetAttributes = {
					BD19868D2C2CC6BB00DE0AA5 = {
						CreatedOnToolsVersion = 15.3;
					};
					BD1986A32C2CC6BC00DE0AA5 = {
						CreatedOnToolsVersion = 15.3;
						TestTargetID = BD19868D2C2CC6BB00DE0AA5;
					};
					BD1986AD2C2CC6BC00DE0AA5 = {
						CreatedOnToolsVersion = 15.3;
						TestTargetID = BD19868D2C2CC6BB00DE0AA5;
					};
				};
			};
			buildConfigurationList = BD1986892C2CC6BB00DE0AA5 /* Build configuration list for PBXProject "AllPlayerVideo" */;
			compatibilityVersion = "Xcode 14.0";
			developmentRegion = en;
			hasScannedForEncodings = 0;
			knownRegions = (
				en,
				Base,
			);
			mainGroup = BD1986852C2CC6BB00DE0AA5;
			packageReferences = (
				BD1986DE2C2CE14F00DE0AA5 /* XCRemoteSwiftPackageReference "KSPlayer" */,
			);
			productRefGroup = BD19868F2C2CC6BB00DE0AA5 /* Products */;
			projectDirPath = "";
			projectRoot = "";
			targets = (
				BD19868D2C2CC6BB00DE0AA5 /* AllPlayerVideo */,
				BD1986A32C2CC6BC00DE0AA5 /* AllPlayerVideoTests */,
				BD1986AD2C2CC6BC00DE0AA5 /* AllPlayerVideoUITests */,
			);
		};
/* End PBXProject section */

/* Begin PBXResourcesBuildPhase section */
		BD19868C2C2CC6BB00DE0AA5 /* Resources */ = {
			isa = PBXResourcesBuildPhase;
			buildActionMask = 2147483647;
			files = (
				BD19869B2C2CC6BC00DE0AA5 /* Assets.xcassets in Resources */,
				BD19869E2C2CC6BC00DE0AA5 /* Base in Resources */,
				BD1986CE2C2CC7C900DE0AA5 /* ANIMAL.mp3 in Resources */,
				BD1986992C2CC6BB00DE0AA5 /* Base in Resources */,
				BD1986D02C2CC81A00DE0AA5 /* videoplayback.mp4 in Resources */,
			);
			runOnlyForDeploymentPostprocessing = 0;
		};
		BD1986A22C2CC6BC00DE0AA5 /* Resources */ = {
			isa = PBXResourcesBuildPhase;
			buildActionMask = 2147483647;
			files = (
			);
			runOnlyForDeploymentPostprocessing = 0;
		};
		BD1986AC2C2CC6BC00DE0AA5 /* Resources */ = {
			isa = PBXResourcesBuildPhase;
			buildActionMask = 2147483647;
			files = (
			);
			runOnlyForDeploymentPostprocessing = 0;
		};
/* End PBXResourcesBuildPhase section */

/* Begin PBXShellScriptBuildPhase section */
		04DEBFD138DA521BB2DAB8E3 /* [CP] Embed Pods Frameworks */ = {
			isa = PBXShellScriptBuildPhase;
			buildActionMask = 2147483647;
			files = (
			);
			inputFileListPaths = (
				"${PODS_ROOT}/Target Support Files/Pods-AllPlayerVideo/Pods-AllPlayerVideo-frameworks-${CONFIGURATION}-input-files.xcfilelist",
			);
			name = "[CP] Embed Pods Frameworks";
			outputFileListPaths = (
				"${PODS_ROOT}/Target Support Files/Pods-AllPlayerVideo/Pods-AllPlayerVideo-frameworks-${CONFIGURATION}-output-files.xcfilelist",
			);
			runOnlyForDeploymentPostprocessing = 0;
			shellPath = /bin/sh;
			shellScript = "\"${PODS_ROOT}/Target Support Files/Pods-AllPlayerVideo/Pods-AllPlayerVideo-frameworks.sh\"\n";
			showEnvVarsInLog = 0;
		};
		0E31F2BC493D296A324DBB63 /* [CP] Check Pods Manifest.lock */ = {
			isa = PBXShellScriptBuildPhase;
			buildActionMask = 2147483647;
			files = (
			);
			inputFileListPaths = (
			);
			inputPaths = (
				"${PODS_PODFILE_DIR_PATH}/Podfile.lock",
				"${PODS_ROOT}/Manifest.lock",
			);
			name = "[CP] Check Pods Manifest.lock";
			outputFileListPaths = (
			);
			outputPaths = (
				"$(DERIVED_FILE_DIR)/Pods-AllPlayerVideo-checkManifestLockResult.txt",
			);
			runOnlyForDeploymentPostprocessing = 0;
			shellPath = /bin/sh;
			shellScript = "diff \"${PODS_PODFILE_DIR_PATH}/Podfile.lock\" \"${PODS_ROOT}/Manifest.lock\" > /dev/null\nif [ $? != 0 ] ; then\n    # print error to STDERR\n    echo \"error: The sandbox is not in sync with the Podfile.lock. Run 'pod install' or update your CocoaPods installation.\" >&2\n    exit 1\nfi\n# This output is used by Xcode 'outputs' to avoid re-running this script phase.\necho \"SUCCESS\" > \"${SCRIPT_OUTPUT_FILE_0}\"\n";
			showEnvVarsInLog = 0;
		};
		ADF892D343E61A4C5AF63523 /* [CP] Embed Pods Frameworks */ = {
			isa = PBXShellScriptBuildPhase;
			buildActionMask = 2147483647;
			files = (
			);
			inputFileListPaths = (
				"${PODS_ROOT}/Target Support Files/Pods-AllPlayerVideo-AllPlayerVideoUITests/Pods-AllPlayerVideo-AllPlayerVideoUITests-frameworks-${CONFIGURATION}-input-files.xcfilelist",
			);
			name = "[CP] Embed Pods Frameworks";
			outputFileListPaths = (
				"${PODS_ROOT}/Target Support Files/Pods-AllPlayerVideo-AllPlayerVideoUITests/Pods-AllPlayerVideo-AllPlayerVideoUITests-frameworks-${CONFIGURATION}-output-files.xcfilelist",
			);
			runOnlyForDeploymentPostprocessing = 0;
			shellPath = /bin/sh;
			shellScript = "\"${PODS_ROOT}/Target Support Files/Pods-AllPlayerVideo-AllPlayerVideoUITests/Pods-AllPlayerVideo-AllPlayerVideoUITests-frameworks.sh\"\n";
			showEnvVarsInLog = 0;
		};
		CD103A64C1C70948615C5A7C /* [CP] Check Pods Manifest.lock */ = {
			isa = PBXShellScriptBuildPhase;
			buildActionMask = 2147483647;
			files = (
			);
			inputFileListPaths = (
			);
			inputPaths = (
				"${PODS_PODFILE_DIR_PATH}/Podfile.lock",
				"${PODS_ROOT}/Manifest.lock",
			);
			name = "[CP] Check Pods Manifest.lock";
			outputFileListPaths = (
			);
			outputPaths = (
				"$(DERIVED_FILE_DIR)/Pods-AllPlayerVideo-AllPlayerVideoUITests-checkManifestLockResult.txt",
			);
			runOnlyForDeploymentPostprocessing = 0;
			shellPath = /bin/sh;
			shellScript = "diff \"${PODS_PODFILE_DIR_PATH}/Podfile.lock\" \"${PODS_ROOT}/Manifest.lock\" > /dev/null\nif [ $? != 0 ] ; then\n    # print error to STDERR\n    echo \"error: The sandbox is not in sync with the Podfile.lock. Run 'pod install' or update your CocoaPods installation.\" >&2\n    exit 1\nfi\n# This output is used by Xcode 'outputs' to avoid re-running this script phase.\necho \"SUCCESS\" > \"${SCRIPT_OUTPUT_FILE_0}\"\n";
			showEnvVarsInLog = 0;
		};
		ED63A5A54E1C379BC1A6DF35 /* [CP] Check Pods Manifest.lock */ = {
			isa = PBXShellScriptBuildPhase;
			buildActionMask = 2147483647;
			files = (
			);
			inputFileListPaths = (
			);
			inputPaths = (
				"${PODS_PODFILE_DIR_PATH}/Podfile.lock",
				"${PODS_ROOT}/Manifest.lock",
			);
			name = "[CP] Check Pods Manifest.lock";
			outputFileListPaths = (
			);
			outputPaths = (
				"$(DERIVED_FILE_DIR)/Pods-AllPlayerVideoTests-checkManifestLockResult.txt",
			);
			runOnlyForDeploymentPostprocessing = 0;
			shellPath = /bin/sh;
			shellScript = "diff \"${PODS_PODFILE_DIR_PATH}/Podfile.lock\" \"${PODS_ROOT}/Manifest.lock\" > /dev/null\nif [ $? != 0 ] ; then\n    # print error to STDERR\n    echo \"error: The sandbox is not in sync with the Podfile.lock. Run 'pod install' or update your CocoaPods installation.\" >&2\n    exit 1\nfi\n# This output is used by Xcode 'outputs' to avoid re-running this script phase.\necho \"SUCCESS\" > \"${SCRIPT_OUTPUT_FILE_0}\"\n";
			showEnvVarsInLog = 0;
		};
/* End PBXShellScriptBuildPhase section */

/* Begin PBXSourcesBuildPhase section */
		BD19868A2C2CC6BB00DE0AA5 /* Sources */ = {
			isa = PBXSourcesBuildPhase;
			buildActionMask = 2147483647;
			files = (
				BD1986C62C2CC72100DE0AA5 /* VideoPlayerURLViewController.swift in Sources */,
				BD1986922C2CC6BB00DE0AA5 /* AppDelegate.swift in Sources */,
				BD1986C72C2CC72100DE0AA5 /* VideoPlayerViewController.swift in Sources */,
				BD1986D72C2CCC4D00DE0AA5 /* VideoDetailViewController.swift in Sources */,
				BD1986D42C2CCB9800DE0AA5 /* AudioURLViewController.swift in Sources */,
				BD1986D52C2CCB9800DE0AA5 /* ViewController.swift in Sources */,
				BD1986C52C2CC72100DE0AA5 /* YouTubeViewController.swift in Sources */,
				BD1986942C2CC6BB00DE0AA5 /* SceneDelegate.swift in Sources */,
				BD1986D92C2CCC9E00DE0AA5 /* VideoTableViewCell.swift in Sources */,
			);
			runOnlyForDeploymentPostprocessing = 0;
		};
		BD1986A02C2CC6BC00DE0AA5 /* Sources */ = {
			isa = PBXSourcesBuildPhase;
			buildActionMask = 2147483647;
			files = (
				BD1986A92C2CC6BC00DE0AA5 /* AllPlayerVideoTests.swift in Sources */,
			);
			runOnlyForDeploymentPostprocessing = 0;
		};
		BD1986AA2C2CC6BC00DE0AA5 /* Sources */ = {
			isa = PBXSourcesBuildPhase;
			buildActionMask = 2147483647;
			files = (
				BD1986B32C2CC6BC00DE0AA5 /* AllPlayerVideoUITests.swift in Sources */,
				BD1986B52C2CC6BC00DE0AA5 /* AllPlayerVideoUITestsLaunchTests.swift in Sources */,
			);
			runOnlyForDeploymentPostprocessing = 0;
		};
/* End PBXSourcesBuildPhase section */

/* Begin PBXTargetDependency section */
		BD1986A62C2CC6BC00DE0AA5 /* PBXTargetDependency */ = {
			isa = PBXTargetDependency;
			target = BD19868D2C2CC6BB00DE0AA5 /* AllPlayerVideo */;
			targetProxy = BD1986A52C2CC6BC00DE0AA5 /* PBXContainerItemProxy */;
		};
		BD1986B02C2CC6BC00DE0AA5 /* PBXTargetDependency */ = {
			isa = PBXTargetDependency;
			target = BD19868D2C2CC6BB00DE0AA5 /* AllPlayerVideo */;
			targetProxy = BD1986AF2C2CC6BC00DE0AA5 /* PBXContainerItemProxy */;
		};
/* End PBXTargetDependency section */

/* Begin PBXVariantGroup section */
		BD1986972C2CC6BB00DE0AA5 /* Main.storyboard */ = {
			isa = PBXVariantGroup;
			children = (
				BD1986982C2CC6BB00DE0AA5 /* Base */,
			);
			name = Main.storyboard;
			sourceTree = "<group>";
		};
		BD19869C2C2CC6BC00DE0AA5 /* LaunchScreen.storyboard */ = {
			isa = PBXVariantGroup;
			children = (
				BD19869D2C2CC6BC00DE0AA5 /* Base */,
			);
			name = LaunchScreen.storyboard;
			sourceTree = "<group>";
		};
/* End PBXVariantGroup section */

/* Begin XCBuildConfiguration section */
		BD1986B62C2CC6BC00DE0AA5 /* Debug */ = {
			isa = XCBuildConfiguration;
			buildSettings = {
				ALWAYS_SEARCH_USER_PATHS = NO;
				ASSETCATALOG_COMPILER_GENERATE_SWIFT_ASSET_SYMBOL_EXTENSIONS = YES;
				CLANG_ANALYZER_NONNULL = YES;
				CLANG_ANALYZER_NUMBER_OBJECT_CONVERSION = YES_AGGRESSIVE;
				CLANG_CXX_LANGUAGE_STANDARD = "gnu++20";
				CLANG_ENABLE_MODULES = YES;
				CLANG_ENABLE_OBJC_ARC = YES;
				CLANG_ENABLE_OBJC_WEAK = YES;
				CLANG_WARN_BLOCK_CAPTURE_AUTORELEASING = YES;
				CLANG_WARN_BOOL_CONVERSION = YES;
				CLANG_WARN_COMMA = YES;
				CLANG_WARN_CONSTANT_CONVERSION = YES;
				CLANG_WARN_DEPRECATED_OBJC_IMPLEMENTATIONS = YES;
				CLANG_WARN_DIRECT_OBJC_ISA_USAGE = YES_ERROR;
				CLANG_WARN_DOCUMENTATION_COMMENTS = YES;
				CLANG_WARN_EMPTY_BODY = YES;
				CLANG_WARN_ENUM_CONVERSION = YES;
				CLANG_WARN_INFINITE_RECURSION = YES;
				CLANG_WARN_INT_CONVERSION = YES;
				CLANG_WARN_NON_LITERAL_NULL_CONVERSION = YES;
				CLANG_WARN_OBJC_IMPLICIT_RETAIN_SELF = YES;
				CLANG_WARN_OBJC_LITERAL_CONVERSION = YES;
				CLANG_WARN_OBJC_ROOT_CLASS = YES_ERROR;
				CLANG_WARN_QUOTED_INCLUDE_IN_FRAMEWORK_HEADER = YES;
				CLANG_WARN_RANGE_LOOP_ANALYSIS = YES;
				CLANG_WARN_STRICT_PROTOTYPES = YES;
				CLANG_WARN_SUSPICIOUS_MOVE = YES;
				CLANG_WARN_UNGUARDED_AVAILABILITY = YES_AGGRESSIVE;
				CLANG_WARN_UNREACHABLE_CODE = YES;
				CLANG_WARN__DUPLICATE_METHOD_MATCH = YES;
				COPY_PHASE_STRIP = NO;
				DEBUG_INFORMATION_FORMAT = dwarf;
				ENABLE_STRICT_OBJC_MSGSEND = YES;
				ENABLE_TESTABILITY = YES;
				ENABLE_USER_SCRIPT_SANDBOXING = YES;
				GCC_C_LANGUAGE_STANDARD = gnu17;
				GCC_DYNAMIC_NO_PIC = NO;
				GCC_NO_COMMON_BLOCKS = YES;
				GCC_OPTIMIZATION_LEVEL = 0;
				GCC_PREPROCESSOR_DEFINITIONS = (
					"DEBUG=1",
					"$(inherited)",
				);
				GCC_WARN_64_TO_32_BIT_CONVERSION = YES;
				GCC_WARN_ABOUT_RETURN_TYPE = YES_ERROR;
				GCC_WARN_UNDECLARED_SELECTOR = YES;
				GCC_WARN_UNINITIALIZED_AUTOS = YES_AGGRESSIVE;
				GCC_WARN_UNUSED_FUNCTION = YES;
				GCC_WARN_UNUSED_VARIABLE = YES;
				IPHONEOS_DEPLOYMENT_TARGET = 17.4;
				LOCALIZATION_PREFERS_STRING_CATALOGS = YES;
				MTL_ENABLE_DEBUG_INFO = INCLUDE_SOURCE;
				MTL_FAST_MATH = YES;
				ONLY_ACTIVE_ARCH = YES;
				SDKROOT = iphoneos;
				SWIFT_ACTIVE_COMPILATION_CONDITIONS = "DEBUG $(inherited)";
				SWIFT_OPTIMIZATION_LEVEL = "-Onone";
			};
			name = Debug;
		};
		BD1986B72C2CC6BC00DE0AA5 /* Release */ = {
			isa = XCBuildConfiguration;
			buildSettings = {
				ALWAYS_SEARCH_USER_PATHS = NO;
				ASSETCATALOG_COMPILER_GENERATE_SWIFT_ASSET_SYMBOL_EXTENSIONS = YES;
				CLANG_ANALYZER_NONNULL = YES;
				CLANG_ANALYZER_NUMBER_OBJECT_CONVERSION = YES_AGGRESSIVE;
				CLANG_CXX_LANGUAGE_STANDARD = "gnu++20";
				CLANG_ENABLE_MODULES = YES;
				CLANG_ENABLE_OBJC_ARC = YES;
				CLANG_ENABLE_OBJC_WEAK = YES;
				CLANG_WARN_BLOCK_CAPTURE_AUTORELEASING = YES;
				CLANG_WARN_BOOL_CONVERSION = YES;
				CLANG_WARN_COMMA = YES;
				CLANG_WARN_CONSTANT_CONVERSION = YES;
				CLANG_WARN_DEPRECATED_OBJC_IMPLEMENTATIONS = YES;
				CLANG_WARN_DIRECT_OBJC_ISA_USAGE = YES_ERROR;
				CLANG_WARN_DOCUMENTATION_COMMENTS = YES;
				CLANG_WARN_EMPTY_BODY = YES;
				CLANG_WARN_ENUM_CONVERSION = YES;
				CLANG_WARN_INFINITE_RECURSION = YES;
				CLANG_WARN_INT_CONVERSION = YES;
				CLANG_WARN_NON_LITERAL_NULL_CONVERSION = YES;
				CLANG_WARN_OBJC_IMPLICIT_RETAIN_SELF = YES;
				CLANG_WARN_OBJC_LITERAL_CONVERSION = YES;
				CLANG_WARN_OBJC_ROOT_CLASS = YES_ERROR;
				CLANG_WARN_QUOTED_INCLUDE_IN_FRAMEWORK_HEADER = YES;
				CLANG_WARN_RANGE_LOOP_ANALYSIS = YES;
				CLANG_WARN_STRICT_PROTOTYPES = YES;
				CLANG_WARN_SUSPICIOUS_MOVE = YES;
				CLANG_WARN_UNGUARDED_AVAILABILITY = YES_AGGRESSIVE;
				CLANG_WARN_UNREACHABLE_CODE = YES;
				CLANG_WARN__DUPLICATE_METHOD_MATCH = YES;
				COPY_PHASE_STRIP = NO;
				DEBUG_INFORMATION_FORMAT = "dwarf-with-dsym";
				ENABLE_NS_ASSERTIONS = NO;
				ENABLE_STRICT_OBJC_MSGSEND = YES;
				ENABLE_USER_SCRIPT_SANDBOXING = YES;
				GCC_C_LANGUAGE_STANDARD = gnu17;
				GCC_NO_COMMON_BLOCKS = YES;
				GCC_WARN_64_TO_32_BIT_CONVERSION = YES;
				GCC_WARN_ABOUT_RETURN_TYPE = YES_ERROR;
				GCC_WARN_UNDECLARED_SELECTOR = YES;
				GCC_WARN_UNINITIALIZED_AUTOS = YES_AGGRESSIVE;
				GCC_WARN_UNUSED_FUNCTION = YES;
				GCC_WARN_UNUSED_VARIABLE = YES;
				IPHONEOS_DEPLOYMENT_TARGET = 17.4;
				LOCALIZATION_PREFERS_STRING_CATALOGS = YES;
				MTL_ENABLE_DEBUG_INFO = NO;
				MTL_FAST_MATH = YES;
				SDKROOT = iphoneos;
				SWIFT_COMPILATION_MODE = wholemodule;
				VALIDATE_PRODUCT = YES;
			};
			name = Release;
		};
		BD1986B92C2CC6BC00DE0AA5 /* Debug */ = {
			isa = XCBuildConfiguration;
			baseConfigurationReference = E7EEAB26EAF10B35039A5BA9 /* Pods-AllPlayerVideo.debug.xcconfig */;
			buildSettings = {
				ASSETCATALOG_COMPILER_APPICON_NAME = AppIcon;
				ASSETCATALOG_COMPILER_GLOBAL_ACCENT_COLOR_NAME = AccentColor;
				CODE_SIGN_STYLE = Automatic;
				CURRENT_PROJECT_VERSION = 1;
				ENABLE_USER_SCRIPT_SANDBOXING = NO;
				GENERATE_INFOPLIST_FILE = YES;
				INFOPLIST_FILE = AllPlayerVideo/Info.plist;
				INFOPLIST_KEY_UIApplicationSupportsIndirectInputEvents = YES;
				INFOPLIST_KEY_UILaunchStoryboardName = LaunchScreen;
				INFOPLIST_KEY_UIMainStoryboardFile = Main;
				INFOPLIST_KEY_UISupportedInterfaceOrientations_iPad = "UIInterfaceOrientationPortrait UIInterfaceOrientationPortraitUpsideDown UIInterfaceOrientationLandscapeLeft UIInterfaceOrientationLandscapeRight";
				INFOPLIST_KEY_UISupportedInterfaceOrientations_iPhone = "UIInterfaceOrientationPortrait UIInterfaceOrientationLandscapeLeft UIInterfaceOrientationLandscapeRight";
				LD_RUNPATH_SEARCH_PATHS = (
					"$(inherited)",
					"@executable_path/Frameworks",
				);
				MARKETING_VERSION = 1.0;
				PRODUCT_BUNDLE_IDENTIFIER = com.plexustechnology.AllPlayerVideo;
				PRODUCT_NAME = "$(TARGET_NAME)";
				SWIFT_EMIT_LOC_STRINGS = YES;
				SWIFT_VERSION = 5.0;
				TARGETED_DEVICE_FAMILY = "1,2";
			};
			name = Debug;
		};
		BD1986BA2C2CC6BC00DE0AA5 /* Release */ = {
			isa = XCBuildConfiguration;
			baseConfigurationReference = 15821D9A4F61DEF407F9E809 /* Pods-AllPlayerVideo.release.xcconfig */;
			buildSettings = {
				ASSETCATALOG_COMPILER_APPICON_NAME = AppIcon;
				ASSETCATALOG_COMPILER_GLOBAL_ACCENT_COLOR_NAME = AccentColor;
				CODE_SIGN_STYLE = Automatic;
				CURRENT_PROJECT_VERSION = 1;
				ENABLE_USER_SCRIPT_SANDBOXING = NO;
				GENERATE_INFOPLIST_FILE = YES;
				INFOPLIST_FILE = AllPlayerVideo/Info.plist;
				INFOPLIST_KEY_UIApplicationSupportsIndirectInputEvents = YES;
				INFOPLIST_KEY_UILaunchStoryboardName = LaunchScreen;
				INFOPLIST_KEY_UIMainStoryboardFile = Main;
				INFOPLIST_KEY_UISupportedInterfaceOrientations_iPad = "UIInterfaceOrientationPortrait UIInterfaceOrientationPortraitUpsideDown UIInterfaceOrientationLandscapeLeft UIInterfaceOrientationLandscapeRight";
				INFOPLIST_KEY_UISupportedInterfaceOrientations_iPhone = "UIInterfaceOrientationPortrait UIInterfaceOrientationLandscapeLeft UIInterfaceOrientationLandscapeRight";
				LD_RUNPATH_SEARCH_PATHS = (
					"$(inherited)",
					"@executable_path/Frameworks",
				);
				MARKETING_VERSION = 1.0;
				PRODUCT_BUNDLE_IDENTIFIER = com.plexustechnology.AllPlayerVideo;
				PRODUCT_NAME = "$(TARGET_NAME)";
				SWIFT_EMIT_LOC_STRINGS = YES;
				SWIFT_VERSION = 5.0;
				TARGETED_DEVICE_FAMILY = "1,2";
			};
			name = Release;
		};
		BD1986BC2C2CC6BC00DE0AA5 /* Debug */ = {
			isa = XCBuildConfiguration;
			baseConfigurationReference = D6E20D79AF3DF67B53879329 /* Pods-AllPlayerVideoTests.debug.xcconfig */;
			buildSettings = {
				ALWAYS_EMBED_SWIFT_STANDARD_LIBRARIES = YES;
				BUNDLE_LOADER = "$(TEST_HOST)";
				CODE_SIGN_STYLE = Automatic;
				CURRENT_PROJECT_VERSION = 1;
				GENERATE_INFOPLIST_FILE = YES;
				IPHONEOS_DEPLOYMENT_TARGET = 17.4;
				MARKETING_VERSION = 1.0;
				PRODUCT_BUNDLE_IDENTIFIER = com.plexustechnology.AllPlayerVideoTests;
				PRODUCT_NAME = "$(TARGET_NAME)";
				SWIFT_EMIT_LOC_STRINGS = NO;
				SWIFT_VERSION = 5.0;
				TARGETED_DEVICE_FAMILY = "1,2";
				TEST_HOST = "$(BUILT_PRODUCTS_DIR)/AllPlayerVideo.app/$(BUNDLE_EXECUTABLE_FOLDER_PATH)/AllPlayerVideo";
			};
			name = Debug;
		};
		BD1986BD2C2CC6BC00DE0AA5 /* Release */ = {
			isa = XCBuildConfiguration;
			baseConfigurationReference = CD590BE8888241C113DA709D /* Pods-AllPlayerVideoTests.release.xcconfig */;
			buildSettings = {
				ALWAYS_EMBED_SWIFT_STANDARD_LIBRARIES = YES;
				BUNDLE_LOADER = "$(TEST_HOST)";
				CODE_SIGN_STYLE = Automatic;
				CURRENT_PROJECT_VERSION = 1;
				GENERATE_INFOPLIST_FILE = YES;
				IPHONEOS_DEPLOYMENT_TARGET = 17.4;
				MARKETING_VERSION = 1.0;
				PRODUCT_BUNDLE_IDENTIFIER = com.plexustechnology.AllPlayerVideoTests;
				PRODUCT_NAME = "$(TARGET_NAME)";
				SWIFT_EMIT_LOC_STRINGS = NO;
				SWIFT_VERSION = 5.0;
				TARGETED_DEVICE_FAMILY = "1,2";
				TEST_HOST = "$(BUILT_PRODUCTS_DIR)/AllPlayerVideo.app/$(BUNDLE_EXECUTABLE_FOLDER_PATH)/AllPlayerVideo";
			};
			name = Release;
		};
		BD1986BF2C2CC6BC00DE0AA5 /* Debug */ = {
			isa = XCBuildConfiguration;
			baseConfigurationReference = 86449E5FA48CB154A3BBECFA /* Pods-AllPlayerVideo-AllPlayerVideoUITests.debug.xcconfig */;
			buildSettings = {
				ALWAYS_EMBED_SWIFT_STANDARD_LIBRARIES = YES;
				CODE_SIGN_STYLE = Automatic;
				CURRENT_PROJECT_VERSION = 1;
				GENERATE_INFOPLIST_FILE = YES;
				MARKETING_VERSION = 1.0;
				PRODUCT_BUNDLE_IDENTIFIER = com.plexustechnology.AllPlayerVideoUITests;
				PRODUCT_NAME = "$(TARGET_NAME)";
				SWIFT_EMIT_LOC_STRINGS = NO;
				SWIFT_VERSION = 5.0;
				TARGETED_DEVICE_FAMILY = "1,2";
				TEST_TARGET_NAME = AllPlayerVideo;
			};
			name = Debug;
		};
		BD1986C02C2CC6BC00DE0AA5 /* Release */ = {
			isa = XCBuildConfiguration;
			baseConfigurationReference = FBC50196B2147A733E7FEDE6 /* Pods-AllPlayerVideo-AllPlayerVideoUITests.release.xcconfig */;
			buildSettings = {
				ALWAYS_EMBED_SWIFT_STANDARD_LIBRARIES = YES;
				CODE_SIGN_STYLE = Automatic;
				CURRENT_PROJECT_VERSION = 1;
				GENERATE_INFOPLIST_FILE = YES;
				MARKETING_VERSION = 1.0;
				PRODUCT_BUNDLE_IDENTIFIER = com.plexustechnology.AllPlayerVideoUITests;
				PRODUCT_NAME = "$(TARGET_NAME)";
				SWIFT_EMIT_LOC_STRINGS = NO;
				SWIFT_VERSION = 5.0;
				TARGETED_DEVICE_FAMILY = "1,2";
				TEST_TARGET_NAME = AllPlayerVideo;
			};
			name = Release;
		};
/* End XCBuildConfiguration section */

/* Begin XCConfigurationList section */
		BD1986892C2CC6BB00DE0AA5 /* Build configuration list for PBXProject "AllPlayerVideo" */ = {
			isa = XCConfigurationList;
			buildConfigurations = (
				BD1986B62C2CC6BC00DE0AA5 /* Debug */,
				BD1986B72C2CC6BC00DE0AA5 /* Release */,
			);
			defaultConfigurationIsVisible = 0;
			defaultConfigurationName = Release;
		};
		BD1986B82C2CC6BC00DE0AA5 /* Build configuration list for PBXNativeTarget "AllPlayerVideo" */ = {
			isa = XCConfigurationList;
			buildConfigurations = (
				BD1986B92C2CC6BC00DE0AA5 /* Debug */,
				BD1986BA2C2CC6BC00DE0AA5 /* Release */,
			);
			defaultConfigurationIsVisible = 0;
			defaultConfigurationName = Release;
		};
		BD1986BB2C2CC6BC00DE0AA5 /* Build configuration list for PBXNativeTarget "AllPlayerVideoTests" */ = {
			isa = XCConfigurationList;
			buildConfigurations = (
				BD1986BC2C2CC6BC00DE0AA5 /* Debug */,
				BD1986BD2C2CC6BC00DE0AA5 /* Release */,
			);
			defaultConfigurationIsVisible = 0;
			defaultConfigurationName = Release;
		};
		BD1986BE2C2CC6BC00DE0AA5 /* Build configuration list for PBXNativeTarget "AllPlayerVideoUITests" */ = {
			isa = XCConfigurationList;
			buildConfigurations = (
				BD1986BF2C2CC6BC00DE0AA5 /* Debug */,
				BD1986C02C2CC6BC00DE0AA5 /* Release */,
			);
			defaultConfigurationIsVisible = 0;
			defaultConfigurationName = Release;
		};
/* End XCConfigurationList section */

/* Begin XCRemoteSwiftPackageReference section */
		BD1986DE2C2CE14F00DE0AA5 /* XCRemoteSwiftPackageReference "KSPlayer" */ = {
			isa = XCRemoteSwiftPackageReference;
			repositoryURL = "https://github.com/kingslay/KSPlayer";
			requirement = {
				kind = upToNextMajorVersion;
				minimumVersion = 2.3.3;
			};
		};
/* End XCRemoteSwiftPackageReference section */
	};
	rootObject = BD1986862C2CC6BB00DE0AA5 /* Project object */;
}
